
Microsoft Visual Studio Solution File, Format Version 12.00
# Visual Studio Version 17
VisualStudioVersion = 17.5.33414.496
MinimumVisualStudioVersion = 10.0.40219.1
Project("{9A19103F-16F7-4668-BE54-9A1E7A4F7556}") = "Domain", "BlazorChatRoom\BlazorChatRoom.Domain\Domain.csproj", "{8F102DB6-A527-4AC3-A5DA-79A4F6F147E7}"
EndProject
Project("{9A19103F-16F7-4668-BE54-9A1E7A4F7556}") = "Application", "BlazorChatRoom\Application\Application.csproj", "{AEC04F2F-FF10-4B37-B9C7-C56037ABA8FD}"
EndProject
Project("{9A19103F-16F7-4668-BE54-9A1E7A4F7556}") = "Infrastructure", "BlazorChatRoom\Infrastructure\Infrastructure.csproj", "{C6541919-4C16-4806-BD57-0668833556E2}"
EndProject
Project("{9A19103F-16F7-4668-BE54-9A1E7A4F7556}") = "Persistence", "BlazorChatRoom\Persistence\Persistence.csproj", "{FA35492F-5F49-47DE-B42A-97985B38103F}"
EndProject
Project("{9A19103F-16F7-4668-BE54-9A1E7A4F7556}") = "BlazorChatRoom.Server", "BlazorChatRoom\Server\BlazorChatRoom.Server.csproj", "{E0755C2F-6430-4638-A85C-365F2CB59472}"
EndProject
Project("{9A19103F-16F7-4668-BE54-9A1E7A4F7556}") = "BlazorChatRoom.Client", "BlazorChatRoom\Client\BlazorChatRoom.Client.csproj", "{2EAAC367-292C-414B-AB4E-4DE518A7E4E3}"
EndProject
Project("{9A19103F-16F7-4668-BE54-9A1E7A4F7556}") = "BlazorChatRoom.Shared", "BlazorChatRoom\Shared\BlazorChatRoom.Shared.csproj", "{65F9C6CB-B93E-4F1B-B5E7-54E307C2FE76}"
EndProject
Project("{2150E333-8FDC-42A3-9474-1A3956D46DE8}") = "Source", "Source", "{F02EFC24-652F-4544-9AC2-8E29EEF8441B}"
EndProject
Project("{2150E333-8FDC-42A3-9474-1A3956D46DE8}") = "Core", "Core", "{BED71A99-D571-4EC3-9F95-8EB70F820293}"
EndProject
Project("{2150E333-8FDC-42A3-9474-1A3956D46DE8}") = "Infrastructure", "Infrastructure", "{F0FC6DD8-F0A5-45C8-A59B-7672A21F4866}"
EndProject
Project("{2150E333-8FDC-42A3-9474-1A3956D46DE8}") = "Shared", "Shared", "{F93D2997-E8E9-4B23-BD1B-E09F85B6441A}"
EndProject
Project("{2150E333-8FDC-42A3-9474-1A3956D46DE8}") = "Web", "Web", "{0F535A08-66C3-49FD-AE8E-2224A09F506F}"
EndProject
Project("{2150E333-8FDC-42A3-9474-1A3956D46DE8}") = "Client", "Client", "{C4FB9958-90AD-41D9-BFDD-E9DE1AE40FB8}"
EndProject
Project("{2150E333-8FDC-42A3-9474-1A3956D46DE8}") = "Server", "Server", "{22CF7B23-9A52-4E5D-A2D5-239EC46764B6}"
EndProject
Project("{2150E333-8FDC-42A3-9474-1A3956D46DE8}") = "Solution Items", "Solution Items", "{522A4E31-E122-4181-B3A3-87141ADC3763}"
	ProjectSection(SolutionItems) = preProject
		.editorconfig = .editorconfig
	EndProjectSection
EndProject
Global
	GlobalSection(SolutionConfigurationPlatforms) = preSolution
		Debug|Any CPU = Debug|Any CPU
		Release|Any CPU = Release|Any CPU
	EndGlobalSection
	GlobalSection(ProjectConfigurationPlatforms) = postSolution
		{8F102DB6-A527-4AC3-A5DA-79A4F6F147E7}.Debug|Any CPU.ActiveCfg = Debug|Any CPU
		{8F102DB6-A527-4AC3-A5DA-79A4F6F147E7}.Debug|Any CPU.Build.0 = Debug|Any CPU
		{8F102DB6-A527-4AC3-A5DA-79A4F6F147E7}.Release|Any CPU.ActiveCfg = Release|Any CPU
		{8F102DB6-A527-4AC3-A5DA-79A4F6F147E7}.Release|Any CPU.Build.0 = Release|Any CPU
		{AEC04F2F-FF10-4B37-B9C7-C56037ABA8FD}.Debug|Any CPU.ActiveCfg = Debug|Any CPU
		{AEC04F2F-FF10-4B37-B9C7-C56037ABA8FD}.Debug|Any CPU.Build.0 = Debug|Any CPU
		{AEC04F2F-FF10-4B37-B9C7-C56037ABA8FD}.Release|Any CPU.ActiveCfg = Release|Any CPU
		{AEC04F2F-FF10-4B37-B9C7-C56037ABA8FD}.Release|Any CPU.Build.0 = Release|Any CPU
		{C6541919-4C16-4806-BD57-0668833556E2}.Debug|Any CPU.ActiveCfg = Debug|Any CPU
		{C6541919-4C16-4806-BD57-0668833556E2}.Debug|Any CPU.Build.0 = Debug|Any CPU
		{C6541919-4C16-4806-BD57-0668833556E2}.Release|Any CPU.ActiveCfg = Release|Any CPU
		{C6541919-4C16-4806-BD57-0668833556E2}.Release|Any CPU.Build.0 = Release|Any CPU
		{FA35492F-5F49-47DE-B42A-97985B38103F}.Debug|Any CPU.ActiveCfg = Debug|Any CPU
		{FA35492F-5F49-47DE-B42A-97985B38103F}.Debug|Any CPU.Build.0 = Debug|Any CPU
		{FA35492F-5F49-47DE-B42A-97985B38103F}.Release|Any CPU.ActiveCfg = Release|Any CPU
		{FA35492F-5F49-47DE-B42A-97985B38103F}.Release|Any CPU.Build.0 = Release|Any CPU
		{E0755C2F-6430-4638-A85C-365F2CB59472}.Debug|Any CPU.ActiveCfg = Debug|Any CPU
		{E0755C2F-6430-4638-A85C-365F2CB59472}.Debug|Any CPU.Build.0 = Debug|Any CPU
		{E0755C2F-6430-4638-A85C-365F2CB59472}.Release|Any CPU.ActiveCfg = Release|Any CPU
		{E0755C2F-6430-4638-A85C-365F2CB59472}.Release|Any CPU.Build.0 = Release|Any CPU
		{2EAAC367-292C-414B-AB4E-4DE518A7E4E3}.Debug|Any CPU.ActiveCfg = Debug|Any CPU
		{2EAAC367-292C-414B-AB4E-4DE518A7E4E3}.Debug|Any CPU.Build.0 = Debug|Any CPU
		{2EAAC367-292C-414B-AB4E-4DE518A7E4E3}.Release|Any CPU.ActiveCfg = Release|Any CPU
		{2EAAC367-292C-414B-AB4E-4DE518A7E4E3}.Release|Any CPU.Build.0 = Release|Any CPU
		{65F9C6CB-B93E-4F1B-B5E7-54E307C2FE76}.Debug|Any CPU.ActiveCfg = Debug|Any CPU
		{65F9C6CB-B93E-4F1B-B5E7-54E307C2FE76}.Debug|Any CPU.Build.0 = Debug|Any CPU
		{65F9C6CB-B93E-4F1B-B5E7-54E307C2FE76}.Release|Any CPU.ActiveCfg = Release|Any CPU
		{65F9C6CB-B93E-4F1B-B5E7-54E307C2FE76}.Release|Any CPU.Build.0 = Release|Any CPU
	EndGlobalSection
	GlobalSection(SolutionProperties) = preSolution
		HideSolutionNode = FALSE
	EndGlobalSection
	GlobalSection(NestedProjects) = preSolution
		{8F102DB6-A527-4AC3-A5DA-79A4F6F147E7} = {BED71A99-D571-4EC3-9F95-8EB70F820293}
		{AEC04F2F-FF10-4B37-B9C7-C56037ABA8FD} = {BED71A99-D571-4EC3-9F95-8EB70F820293}
		{C6541919-4C16-4806-BD57-0668833556E2} = {F0FC6DD8-F0A5-45C8-A59B-7672A21F4866}
		{FA35492F-5F49-47DE-B42A-97985B38103F} = {F0FC6DD8-F0A5-45C8-A59B-7672A21F4866}
		{E0755C2F-6430-4638-A85C-365F2CB59472} = {22CF7B23-9A52-4E5D-A2D5-239EC46764B6}
		{2EAAC367-292C-414B-AB4E-4DE518A7E4E3} = {C4FB9958-90AD-41D9-BFDD-E9DE1AE40FB8}
		{65F9C6CB-B93E-4F1B-B5E7-54E307C2FE76} = {F93D2997-E8E9-4B23-BD1B-E09F85B6441A}
		{BED71A99-D571-4EC3-9F95-8EB70F820293} = {F02EFC24-652F-4544-9AC2-8E29EEF8441B}
		{F0FC6DD8-F0A5-45C8-A59B-7672A21F4866} = {F02EFC24-652F-4544-9AC2-8E29EEF8441B}
		{F93D2997-E8E9-4B23-BD1B-E09F85B6441A} = {F02EFC24-652F-4544-9AC2-8E29EEF8441B}
		{0F535A08-66C3-49FD-AE8E-2224A09F506F} = {F02EFC24-652F-4544-9AC2-8E29EEF8441B}
		{C4FB9958-90AD-41D9-BFDD-E9DE1AE40FB8} = {0F535A08-66C3-49FD-AE8E-2224A09F506F}
		{22CF7B23-9A52-4E5D-A2D5-239EC46764B6} = {0F535A08-66C3-49FD-AE8E-2224A09F506F}
	EndGlobalSection
	GlobalSection(ExtensibilityGlobals) = postSolution
		SolutionGuid = {8A373AEC-5F48-4DBD-8990-909FBFEB0D4D}
	EndGlobalSection
EndGlobal
